// !$*UTF8*$!
{
	archiveVersion = 1;
	classes = {
	};
	objectVersion = 70;
	objects = {

/* Begin PBXBuildFile section */
		8B0634442BD8310600D59EAF /* SettingsView.swift in Sources */ = {isa = PBXBuildFile; fileRef = 8B0634432BD8310600D59EAF /* SettingsView.swift */; };
		8B28AAB22CFF0458005D7A4C /* Location.swift in Sources */ = {isa = PBXBuildFile; fileRef = 8B28AAB12CFF0458005D7A4C /* Location.swift */; };
		8B28AAC22CFFF17E005D7A4C /* Model.swift in Sources */ = {isa = PBXBuildFile; fileRef = 8B53C03D2BD6E425004C2272 /* Model.swift */; };
		8B44A6212BD8354F00117714 /* WakeUpView.swift in Sources */ = {isa = PBXBuildFile; fileRef = 8B44A6202BD8354F00117714 /* WakeUpView.swift */; };
		8B44A6232BD8502200117714 /* Notifications.swift in Sources */ = {isa = PBXBuildFile; fileRef = 8B44A6222BD8502200117714 /* Notifications.swift */; };
		8B44A6272BD859A700117714 /* PayWall.swift in Sources */ = {isa = PBXBuildFile; fileRef = 8B44A6262BD859A700117714 /* PayWall.swift */; };
		8B53C03E2BD6E425004C2272 /* Model.swift in Sources */ = {isa = PBXBuildFile; fileRef = 8B53C03D2BD6E425004C2272 /* Model.swift */; };
		8B5F04192D03E26100FD7F67 /* Components.swift in Sources */ = {isa = PBXBuildFile; fileRef = 8B5F04182D03E26100FD7F67 /* Components.swift */; };
		8B5F041A2D03E26100FD7F67 /* Components.swift in Sources */ = {isa = PBXBuildFile; fileRef = 8B5F04182D03E26100FD7F67 /* Components.swift */; };
		8B6B7F892CEC632600E119D2 /* Storage.swift in Sources */ = {isa = PBXBuildFile; fileRef = 8B6B7F882CEC632600E119D2 /* Storage.swift */; };
		8B6B7F912CEDB3F500E119D2 /* Alarm.aif in Resources */ = {isa = PBXBuildFile; fileRef = 8B6B7F902CEDB3F500E119D2 /* Alarm.aif */; };
		8B6B7F952CEE6C2200E119D2 /* Alarm_short.aif in Resources */ = {isa = PBXBuildFile; fileRef = 8B6B7F942CEE6C2200E119D2 /* Alarm_short.aif */; };
		8B72E8022BDDCA4D0068BC64 /* Alarm.swift in Sources */ = {isa = PBXBuildFile; fileRef = 8B72E8012BDDCA4D0068BC64 /* Alarm.swift */; };
		8B72E8052BDDE9EC0068BC64 /* PurchaseManager.swift in Sources */ = {isa = PBXBuildFile; fileRef = 8B72E8042BDDE9EB0068BC64 /* PurchaseManager.swift */; };
		8BD1DB1D2CEFAEF1005F29B8 /* Preview Assets.xcassets in Resources */ = {isa = PBXBuildFile; fileRef = 8BD1DB1B2CEFAEF1005F29B8 /* Preview Assets.xcassets */; };
		8BDBB9432BD595BA002DAE53 /* AlarmView.swift in Sources */ = {isa = PBXBuildFile; fileRef = 8BDBB9422BD595BA002DAE53 /* AlarmView.swift */; };
		8BDBB9492BD5AFCB002DAE53 /* Onboarding.swift in Sources */ = {isa = PBXBuildFile; fileRef = 8BDBB9482BD5AFCB002DAE53 /* Onboarding.swift */; };
		8BEB93582BDF2AB3004805E9 /* Alarm_Loud.aif in Resources */ = {isa = PBXBuildFile; fileRef = 8BEB93572BDF2AB3004805E9 /* Alarm_Loud.aif */; };
		8BF75FDD2CFFF25700B1E607 /* Location.swift in Sources */ = {isa = PBXBuildFile; fileRef = 8B28AAB12CFF0458005D7A4C /* Location.swift */; };
		8BF75FDE2CFFF25D00B1E607 /* PurchaseManager.swift in Sources */ = {isa = PBXBuildFile; fileRef = 8B72E8042BDDE9EB0068BC64 /* PurchaseManager.swift */; };
		8BF75FDF2CFFF25D00B1E607 /* Storage.swift in Sources */ = {isa = PBXBuildFile; fileRef = 8B6B7F882CEC632600E119D2 /* Storage.swift */; };
		8BF75FE02CFFF25D00B1E607 /* Notifications.swift in Sources */ = {isa = PBXBuildFile; fileRef = 8B44A6222BD8502200117714 /* Notifications.swift */; };
		8BF75FE12CFFF27500B1E607 /* Alarm.swift in Sources */ = {isa = PBXBuildFile; fileRef = 8B72E8012BDDCA4D0068BC64 /* Alarm.swift */; };
		8BF75FE32D02E4F800B1E607 /* Helpers.swift in Sources */ = {isa = PBXBuildFile; fileRef = 8BF75FE22D02E4F800B1E607 /* Helpers.swift */; };
		8BF75FE42D02E4F800B1E607 /* Helpers.swift in Sources */ = {isa = PBXBuildFile; fileRef = 8BF75FE22D02E4F800B1E607 /* Helpers.swift */; };
		F08AAE102A916CD500E82A36 /* Sunrise_AlarmApp.swift in Sources */ = {isa = PBXBuildFile; fileRef = F08AAE0F2A916CD500E82A36 /* Sunrise_AlarmApp.swift */; };
		F08AAE122A916CD500E82A36 /* ContentView.swift in Sources */ = {isa = PBXBuildFile; fileRef = F08AAE112A916CD500E82A36 /* ContentView.swift */; };
		F08AAE142A916CD500E82A36 /* Assets.xcassets in Resources */ = {isa = PBXBuildFile; fileRef = F08AAE132A916CD500E82A36 /* Assets.xcassets */; };
/* End PBXBuildFile section */

/* Begin PBXContainerItemProxy section */
		8B28AABD2CFFDC77005D7A4C /* PBXContainerItemProxy */ = {
			isa = PBXContainerItemProxy;
			containerPortal = F08AAE042A916CD400E82A36 /* Project object */;
			proxyType = 1;
			remoteGlobalIDString = F08AAE0B2A916CD400E82A36;
			remoteInfo = "Sunrise Alarm";
		};
/* End PBXContainerItemProxy section */

/* Begin PBXFileReference section */
		8B0634432BD8310600D59EAF /* SettingsView.swift */ = {isa = PBXFileReference; lastKnownFileType = sourcecode.swift; path = SettingsView.swift; sourceTree = "<group>"; };
		8B28AAB12CFF0458005D7A4C /* Location.swift */ = {isa = PBXFileReference; lastKnownFileType = sourcecode.swift; path = Location.swift; sourceTree = "<group>"; };
		8B28AAB92CFFDC77005D7A4C /* Sunrise AlarmTests.xctest */ = {isa = PBXFileReference; explicitFileType = wrapper.cfbundle; includeInIndex = 0; path = "Sunrise AlarmTests.xctest"; sourceTree = BUILT_PRODUCTS_DIR; };
		8B3D2FA72CEFAB7E005B81B5 /* Sunrise Alarm.entitlements */ = {isa = PBXFileReference; lastKnownFileType = text.plist.entitlements; path = "Sunrise Alarm.entitlements"; sourceTree = "<group>"; };
		8B44A6202BD8354F00117714 /* WakeUpView.swift */ = {isa = PBXFileReference; lastKnownFileType = sourcecode.swift; path = WakeUpView.swift; sourceTree = "<group>"; };
		8B44A6222BD8502200117714 /* Notifications.swift */ = {isa = PBXFileReference; lastKnownFileType = sourcecode.swift; path = Notifications.swift; sourceTree = "<group>"; };
		8B44A6262BD859A700117714 /* PayWall.swift */ = {isa = PBXFileReference; lastKnownFileType = sourcecode.swift; path = PayWall.swift; sourceTree = "<group>"; };
		8B53C03D2BD6E425004C2272 /* Model.swift */ = {isa = PBXFileReference; lastKnownFileType = sourcecode.swift; path = Model.swift; sourceTree = "<group>"; };
		8B5F04182D03E26100FD7F67 /* Components.swift */ = {isa = PBXFileReference; lastKnownFileType = sourcecode.swift; path = Components.swift; sourceTree = "<group>"; };
		8B6B7F882CEC632600E119D2 /* Storage.swift */ = {isa = PBXFileReference; lastKnownFileType = sourcecode.swift; path = Storage.swift; sourceTree = "<group>"; };
		8B6B7F902CEDB3F500E119D2 /* Alarm.aif */ = {isa = PBXFileReference; lastKnownFileType = file; path = Alarm.aif; sourceTree = "<group>"; };
		8B6B7F942CEE6C2200E119D2 /* Alarm_short.aif */ = {isa = PBXFileReference; lastKnownFileType = file; path = Alarm_short.aif; sourceTree = "<group>"; };
		8B72E8012BDDCA4D0068BC64 /* Alarm.swift */ = {isa = PBXFileReference; lastKnownFileType = sourcecode.swift; path = Alarm.swift; sourceTree = "<group>"; };
		8B72E8032BDDE7ED0068BC64 /* Sun Alarm: Sunrise Alarm Clock.storekit */ = {isa = PBXFileReference; lastKnownFileType = text; path = "Sun Alarm: Sunrise Alarm Clock.storekit"; sourceTree = "<group>"; };
		8B72E8042BDDE9EB0068BC64 /* PurchaseManager.swift */ = {isa = PBXFileReference; lastKnownFileType = sourcecode.swift; path = PurchaseManager.swift; sourceTree = "<group>"; };
		8BD1DB1B2CEFAEF1005F29B8 /* Preview Assets.xcassets */ = {isa = PBXFileReference; lastKnownFileType = folder.assetcatalog; path = "Preview Assets.xcassets"; sourceTree = "<group>"; };
		8BDBB9422BD595BA002DAE53 /* AlarmView.swift */ = {isa = PBXFileReference; lastKnownFileType = sourcecode.swift; path = AlarmView.swift; sourceTree = "<group>"; };
		8BDBB9482BD5AFCB002DAE53 /* Onboarding.swift */ = {isa = PBXFileReference; lastKnownFileType = sourcecode.swift; path = Onboarding.swift; sourceTree = "<group>"; };
		8BDBB94A2BD5B009002DAE53 /* Sunrise-Alarm-Info.plist */ = {isa = PBXFileReference; lastKnownFileType = text.plist.xml; name = "Sunrise-Alarm-Info.plist"; path = "Assets/Sunrise-Alarm-Info.plist"; sourceTree = SOURCE_ROOT; };
		8BEB93572BDF2AB3004805E9 /* Alarm_Loud.aif */ = {isa = PBXFileReference; lastKnownFileType = file; path = Alarm_Loud.aif; sourceTree = "<group>"; };
		8BF75FE22D02E4F800B1E607 /* Helpers.swift */ = {isa = PBXFileReference; lastKnownFileType = sourcecode.swift; path = Helpers.swift; sourceTree = "<group>"; };
		F08AAE0C2A916CD500E82A36 /* Sunrise Alarm.app */ = {isa = PBXFileReference; explicitFileType = wrapper.application; includeInIndex = 0; path = "Sunrise Alarm.app"; sourceTree = BUILT_PRODUCTS_DIR; };
		F08AAE0F2A916CD500E82A36 /* Sunrise_AlarmApp.swift */ = {isa = PBXFileReference; lastKnownFileType = sourcecode.swift; path = Sunrise_AlarmApp.swift; sourceTree = "<group>"; };
		F08AAE112A916CD500E82A36 /* ContentView.swift */ = {isa = PBXFileReference; lastKnownFileType = sourcecode.swift; path = ContentView.swift; sourceTree = "<group>"; };
		F08AAE132A916CD500E82A36 /* Assets.xcassets */ = {isa = PBXFileReference; lastKnownFileType = folder.assetcatalog; path = Assets.xcassets; sourceTree = "<group>"; };
/* End PBXFileReference section */

/* Begin PBXFileSystemSynchronizedRootGroup section */
		8B28AABA2CFFDC77005D7A4C /* Sunrise AlarmTests */ = {isa = PBXFileSystemSynchronizedRootGroup; explicitFileTypes = {}; explicitFolders = (); path = "Sunrise AlarmTests"; sourceTree = "<group>"; };
/* End PBXFileSystemSynchronizedRootGroup section */

/* Begin PBXFrameworksBuildPhase section */
		8B28AAB62CFFDC77005D7A4C /* Frameworks */ = {
			isa = PBXFrameworksBuildPhase;
			buildActionMask = 2147483647;
			files = (
			);
			runOnlyForDeploymentPostprocessing = 0;
		};
		F08AAE092A916CD400E82A36 /* Frameworks */ = {
			isa = PBXFrameworksBuildPhase;
			buildActionMask = 2147483647;
			files = (
			);
			runOnlyForDeploymentPostprocessing = 0;
		};
/* End PBXFrameworksBuildPhase section */

/* Begin PBXGroup section */
		8B0634422BD8310000D59EAF /* Views */ = {
			isa = PBXGroup;
			children = (
				F08AAE112A916CD500E82A36 /* ContentView.swift */,
				8BDBB9422BD595BA002DAE53 /* AlarmView.swift */,
				8B0634432BD8310600D59EAF /* SettingsView.swift */,
				8B44A6202BD8354F00117714 /* WakeUpView.swift */,
				8BDBB9482BD5AFCB002DAE53 /* Onboarding.swift */,
				8B44A6262BD859A700117714 /* PayWall.swift */,
				8B5F04182D03E26100FD7F67 /* Components.swift */,
			);
			path = Views;
			sourceTree = "<group>";
		};
		8B6B7F962CEFA55E00E119D2 /* Sunrise Alarm */ = {
			isa = PBXGroup;
			children = (
				8B72E8012BDDCA4D0068BC64 /* Alarm.swift */,
				8B53C03D2BD6E425004C2272 /* Model.swift */,
				8B28AAB12CFF0458005D7A4C /* Location.swift */,
				8B44A6222BD8502200117714 /* Notifications.swift */,
				8B6B7F882CEC632600E119D2 /* Storage.swift */,
				8B72E8042BDDE9EB0068BC64 /* PurchaseManager.swift */,
				8BF75FE22D02E4F800B1E607 /* Helpers.swift */,
			);
			path = "Sunrise Alarm";
			sourceTree = "<group>";
		};
		8BD1DB1C2CEFAEF1005F29B8 /* Preview Content */ = {
			isa = PBXGroup;
			children = (
				8BD1DB1B2CEFAEF1005F29B8 /* Preview Assets.xcassets */,
			);
			path = "Preview Content";
			sourceTree = "<group>";
		};
		F08AAE032A916CD400E82A36 = {
			isa = PBXGroup;
			children = (
				F08AAE0F2A916CD500E82A36 /* Sunrise_AlarmApp.swift */,
				8B6B7F962CEFA55E00E119D2 /* Sunrise Alarm */,
				8B0634422BD8310000D59EAF /* Views */,
				F08AAE0E2A916CD500E82A36 /* Assets */,
				8B28AABA2CFFDC77005D7A4C /* Sunrise AlarmTests */,
				F08AAE0D2A916CD500E82A36 /* Products */,
			);
			sourceTree = "<group>";
		};
		F08AAE0D2A916CD500E82A36 /* Products */ = {
			isa = PBXGroup;
			children = (
				F08AAE0C2A916CD500E82A36 /* Sunrise Alarm.app */,
				8B28AAB92CFFDC77005D7A4C /* Sunrise AlarmTests.xctest */,
			);
			name = Products;
			sourceTree = "<group>";
		};
		F08AAE0E2A916CD500E82A36 /* Assets */ = {
			isa = PBXGroup;
			children = (
				8BDBB94A2BD5B009002DAE53 /* Sunrise-Alarm-Info.plist */,
				8B3D2FA72CEFAB7E005B81B5 /* Sunrise Alarm.entitlements */,
				F08AAE132A916CD500E82A36 /* Assets.xcassets */,
				8BEB93572BDF2AB3004805E9 /* Alarm_Loud.aif */,
				8B6B7F902CEDB3F500E119D2 /* Alarm.aif */,
				8B6B7F942CEE6C2200E119D2 /* Alarm_short.aif */,
				8B72E8032BDDE7ED0068BC64 /* Sun Alarm: Sunrise Alarm Clock.storekit */,
				8BD1DB1C2CEFAEF1005F29B8 /* Preview Content */,
			);
			path = Assets;
			sourceTree = "<group>";
		};
/* End PBXGroup section */

/* Begin PBXNativeTarget section */
		8B28AAB82CFFDC77005D7A4C /* Sunrise AlarmTests */ = {
			isa = PBXNativeTarget;
			buildConfigurationList = 8B28AABF2CFFDC77005D7A4C /* Build configuration list for PBXNativeTarget "Sunrise AlarmTests" */;
			buildPhases = (
				8B28AAB52CFFDC77005D7A4C /* Sources */,
				8B28AAB62CFFDC77005D7A4C /* Frameworks */,
				8B28AAB72CFFDC77005D7A4C /* Resources */,
			);
			buildRules = (
			);
			dependencies = (
				8B28AABE2CFFDC77005D7A4C /* PBXTargetDependency */,
			);
			fileSystemSynchronizedGroups = (
				8B28AABA2CFFDC77005D7A4C /* Sunrise AlarmTests */,
			);
			name = "Sunrise AlarmTests";
			packageProductDependencies = (
			);
			productName = "Sunrise AlarmTests";
			productReference = 8B28AAB92CFFDC77005D7A4C /* Sunrise AlarmTests.xctest */;
			productType = "com.apple.product-type.bundle.unit-test";
		};
		F08AAE0B2A916CD400E82A36 /* Sunrise Alarm */ = {
			isa = PBXNativeTarget;
			buildConfigurationList = F08AAE1A2A916CD500E82A36 /* Build configuration list for PBXNativeTarget "Sunrise Alarm" */;
			buildPhases = (
				F08AAE082A916CD400E82A36 /* Sources */,
				F08AAE092A916CD400E82A36 /* Frameworks */,
				F08AAE0A2A916CD400E82A36 /* Resources */,
			);
			buildRules = (
			);
			dependencies = (
			);
			name = "Sunrise Alarm";
			packageProductDependencies = (
			);
			productName = "Sunrise Alarm";
			productReference = F08AAE0C2A916CD500E82A36 /* Sunrise Alarm.app */;
			productType = "com.apple.product-type.application";
		};
/* End PBXNativeTarget section */

/* Begin PBXProject section */
		F08AAE042A916CD400E82A36 /* Project object */ = {
			isa = PBXProject;
			attributes = {
				BuildIndependentTargetsInParallel = 1;
				LastSwiftUpdateCheck = 1610;
				LastUpgradeCheck = 1610;
				TargetAttributes = {
					8B28AAB82CFFDC77005D7A4C = {
						CreatedOnToolsVersion = 16.1;
						TestTargetID = F08AAE0B2A916CD400E82A36;
					};
					F08AAE0B2A916CD400E82A36 = {
						CreatedOnToolsVersion = 14.3.1;
					};
				};
			};
			buildConfigurationList = F08AAE072A916CD400E82A36 /* Build configuration list for PBXProject "Sunrise Alarm" */;
			compatibilityVersion = "Xcode 14.0";
			developmentRegion = en;
			hasScannedForEncodings = 0;
			knownRegions = (
				en,
				Base,
			);
			mainGroup = F08AAE032A916CD400E82A36;
			packageReferences = (
			);
			productRefGroup = F08AAE0D2A916CD500E82A36 /* Products */;
			projectDirPath = "";
			projectRoot = "";
			targets = (
				F08AAE0B2A916CD400E82A36 /* Sunrise Alarm */,
				8B28AAB82CFFDC77005D7A4C /* Sunrise AlarmTests */,
			);
		};
/* End PBXProject section */

/* Begin PBXResourcesBuildPhase section */
		8B28AAB72CFFDC77005D7A4C /* Resources */ = {
			isa = PBXResourcesBuildPhase;
			buildActionMask = 2147483647;
			files = (
			);
			runOnlyForDeploymentPostprocessing = 0;
		};
		F08AAE0A2A916CD400E82A36 /* Resources */ = {
			isa = PBXResourcesBuildPhase;
			buildActionMask = 2147483647;
			files = (
				8BEB93582BDF2AB3004805E9 /* Alarm_Loud.aif in Resources */,
				8B6B7F952CEE6C2200E119D2 /* Alarm_short.aif in Resources */,
				8BD1DB1D2CEFAEF1005F29B8 /* Preview Assets.xcassets in Resources */,
				8B6B7F912CEDB3F500E119D2 /* Alarm.aif in Resources */,
				F08AAE142A916CD500E82A36 /* Assets.xcassets in Resources */,
			);
			runOnlyForDeploymentPostprocessing = 0;
		};
/* End PBXResourcesBuildPhase section */

/* Begin PBXSourcesBuildPhase section */
		8B28AAB52CFFDC77005D7A4C /* Sources */ = {
			isa = PBXSourcesBuildPhase;
			buildActionMask = 2147483647;
			files = (
				8B28AAC22CFFF17E005D7A4C /* Model.swift in Sources */,
				8BF75FDD2CFFF25700B1E607 /* Location.swift in Sources */,
				8B5F041A2D03E26100FD7F67 /* Components.swift in Sources */,
				8BF75FE32D02E4F800B1E607 /* Helpers.swift in Sources */,
				8BF75FDE2CFFF25D00B1E607 /* PurchaseManager.swift in Sources */,
				8BF75FDF2CFFF25D00B1E607 /* Storage.swift in Sources */,
				8BF75FE12CFFF27500B1E607 /* Alarm.swift in Sources */,
				8BF75FE02CFFF25D00B1E607 /* Notifications.swift in Sources */,
			);
			runOnlyForDeploymentPostprocessing = 0;
		};
		F08AAE082A916CD400E82A36 /* Sources */ = {
			isa = PBXSourcesBuildPhase;
			buildActionMask = 2147483647;
			files = (
				8BDBB9432BD595BA002DAE53 /* AlarmView.swift in Sources */,
				8BF75FE42D02E4F800B1E607 /* Helpers.swift in Sources */,
				8B44A6212BD8354F00117714 /* WakeUpView.swift in Sources */,
				F08AAE122A916CD500E82A36 /* ContentView.swift in Sources */,
				8BDBB9492BD5AFCB002DAE53 /* Onboarding.swift in Sources */,
				8B44A6232BD8502200117714 /* Notifications.swift in Sources */,
				8B6B7F892CEC632600E119D2 /* Storage.swift in Sources */,
				8B5F04192D03E26100FD7F67 /* Components.swift in Sources */,
				8B28AAB22CFF0458005D7A4C /* Location.swift in Sources */,
				8B0634442BD8310600D59EAF /* SettingsView.swift in Sources */,
				8B72E8052BDDE9EC0068BC64 /* PurchaseManager.swift in Sources */,
				8B44A6272BD859A700117714 /* PayWall.swift in Sources */,
				8B72E8022BDDCA4D0068BC64 /* Alarm.swift in Sources */,
				8B53C03E2BD6E425004C2272 /* Model.swift in Sources */,
				F08AAE102A916CD500E82A36 /* Sunrise_AlarmApp.swift in Sources */,
			);
			runOnlyForDeploymentPostprocessing = 0;
		};
/* End PBXSourcesBuildPhase section */

/* Begin PBXTargetDependency section */
		8B28AABE2CFFDC77005D7A4C /* PBXTargetDependency */ = {
			isa = PBXTargetDependency;
			target = F08AAE0B2A916CD400E82A36 /* Sunrise Alarm */;
			targetProxy = 8B28AABD2CFFDC77005D7A4C /* PBXContainerItemProxy */;
		};
/* End PBXTargetDependency section */

/* Begin XCBuildConfiguration section */
		8B28AAC02CFFDC77005D7A4C /* Debug */ = {
			isa = XCBuildConfiguration;
			buildSettings = {
				ASSETCATALOG_COMPILER_GENERATE_SWIFT_ASSET_SYMBOL_EXTENSIONS = YES;
				BUNDLE_LOADER = "$(TEST_HOST)";
				CODE_SIGN_STYLE = Automatic;
				CURRENT_PROJECT_VERSION = 1;
				DEVELOPMENT_TEAM = AMU2LP62W2;
				GCC_C_LANGUAGE_STANDARD = gnu17;
				GENERATE_INFOPLIST_FILE = YES;
				IPHONEOS_DEPLOYMENT_TARGET = 18.1;
				LOCALIZATION_PREFERS_STRING_CATALOGS = YES;
				MARKETING_VERSION = 1.0;
				PRODUCT_BUNDLE_IDENTIFIER = "nathanieltedesco.Sunrise-AlarmTests";
				PRODUCT_NAME = "$(TARGET_NAME)";
				SWIFT_ACTIVE_COMPILATION_CONDITIONS = "DEBUG $(inherited)";
				SWIFT_EMIT_LOC_STRINGS = NO;
				SWIFT_VERSION = 5.0;
				TARGETED_DEVICE_FAMILY = "1,2";
				TEST_HOST = "$(BUILT_PRODUCTS_DIR)/Sunrise Alarm.app/$(BUNDLE_EXECUTABLE_FOLDER_PATH)/Sunrise Alarm";
			};
			name = Debug;
		};
		8B28AAC12CFFDC77005D7A4C /* Release */ = {
			isa = XCBuildConfiguration;
			buildSettings = {
				ASSETCATALOG_COMPILER_GENERATE_SWIFT_ASSET_SYMBOL_EXTENSIONS = YES;
				BUNDLE_LOADER = "$(TEST_HOST)";
				CODE_SIGN_STYLE = Automatic;
				CURRENT_PROJECT_VERSION = 1;
				DEVELOPMENT_TEAM = AMU2LP62W2;
				GCC_C_LANGUAGE_STANDARD = gnu17;
				GENERATE_INFOPLIST_FILE = YES;
				IPHONEOS_DEPLOYMENT_TARGET = 18.1;
				LOCALIZATION_PREFERS_STRING_CATALOGS = YES;
				MARKETING_VERSION = 1.0;
				PRODUCT_BUNDLE_IDENTIFIER = "nathanieltedesco.Sunrise-AlarmTests";
				PRODUCT_NAME = "$(TARGET_NAME)";
				SWIFT_EMIT_LOC_STRINGS = NO;
				SWIFT_VERSION = 5.0;
				TARGETED_DEVICE_FAMILY = "1,2";
				TEST_HOST = "$(BUILT_PRODUCTS_DIR)/Sunrise Alarm.app/$(BUNDLE_EXECUTABLE_FOLDER_PATH)/Sunrise Alarm";
			};
			name = Release;
		};
		F08AAE182A916CD500E82A36 /* Debug */ = {
			isa = XCBuildConfiguration;
			buildSettings = {
				ALWAYS_SEARCH_USER_PATHS = NO;
				CLANG_ANALYZER_NONNULL = YES;
				CLANG_ANALYZER_NUMBER_OBJECT_CONVERSION = YES_AGGRESSIVE;
				CLANG_CXX_LANGUAGE_STANDARD = "gnu++20";
				CLANG_ENABLE_MODULES = YES;
				CLANG_ENABLE_OBJC_ARC = YES;
				CLANG_ENABLE_OBJC_WEAK = YES;
				CLANG_WARN_BLOCK_CAPTURE_AUTORELEASING = YES;
				CLANG_WARN_BOOL_CONVERSION = YES;
				CLANG_WARN_COMMA = YES;
				CLANG_WARN_CONSTANT_CONVERSION = YES;
				CLANG_WARN_DEPRECATED_OBJC_IMPLEMENTATIONS = YES;
				CLANG_WARN_DIRECT_OBJC_ISA_USAGE = YES_ERROR;
				CLANG_WARN_DOCUMENTATION_COMMENTS = YES;
				CLANG_WARN_EMPTY_BODY = YES;
				CLANG_WARN_ENUM_CONVERSION = YES;
				CLANG_WARN_INFINITE_RECURSION = YES;
				CLANG_WARN_INT_CONVERSION = YES;
				CLANG_WARN_NON_LITERAL_NULL_CONVERSION = YES;
				CLANG_WARN_OBJC_IMPLICIT_RETAIN_SELF = YES;
				CLANG_WARN_OBJC_LITERAL_CONVERSION = YES;
				CLANG_WARN_OBJC_ROOT_CLASS = YES_ERROR;
				CLANG_WARN_QUOTED_INCLUDE_IN_FRAMEWORK_HEADER = YES;
				CLANG_WARN_RANGE_LOOP_ANALYSIS = YES;
				CLANG_WARN_STRICT_PROTOTYPES = YES;
				CLANG_WARN_SUSPICIOUS_MOVE = YES;
				CLANG_WARN_UNGUARDED_AVAILABILITY = YES_AGGRESSIVE;
				CLANG_WARN_UNREACHABLE_CODE = YES;
				CLANG_WARN__DUPLICATE_METHOD_MATCH = YES;
				COPY_PHASE_STRIP = NO;
				DEBUG_INFORMATION_FORMAT = dwarf;
				ENABLE_STRICT_OBJC_MSGSEND = YES;
				ENABLE_TESTABILITY = YES;
				ENABLE_USER_SCRIPT_SANDBOXING = YES;
				GCC_C_LANGUAGE_STANDARD = gnu11;
				GCC_DYNAMIC_NO_PIC = NO;
				GCC_NO_COMMON_BLOCKS = YES;
				GCC_OPTIMIZATION_LEVEL = 0;
				GCC_PREPROCESSOR_DEFINITIONS = (
					"DEBUG=1",
					"$(inherited)",
				);
				GCC_WARN_64_TO_32_BIT_CONVERSION = YES;
				GCC_WARN_ABOUT_RETURN_TYPE = YES_ERROR;
				GCC_WARN_UNDECLARED_SELECTOR = YES;
				GCC_WARN_UNINITIALIZED_AUTOS = YES_AGGRESSIVE;
				GCC_WARN_UNUSED_FUNCTION = YES;
				GCC_WARN_UNUSED_VARIABLE = YES;
				IPHONEOS_DEPLOYMENT_TARGET = 16.4;
				MTL_ENABLE_DEBUG_INFO = INCLUDE_SOURCE;
				MTL_FAST_MATH = YES;
				ONLY_ACTIVE_ARCH = YES;
				SDKROOT = iphoneos;
				SWIFT_ACTIVE_COMPILATION_CONDITIONS = DEBUG;
				SWIFT_OPTIMIZATION_LEVEL = "-Onone";
			};
			name = Debug;
		};
		F08AAE192A916CD500E82A36 /* Release */ = {
			isa = XCBuildConfiguration;
			buildSettings = {
				ALWAYS_SEARCH_USER_PATHS = NO;
				CLANG_ANALYZER_NONNULL = YES;
				CLANG_ANALYZER_NUMBER_OBJECT_CONVERSION = YES_AGGRESSIVE;
				CLANG_CXX_LANGUAGE_STANDARD = "gnu++20";
				CLANG_ENABLE_MODULES = YES;
				CLANG_ENABLE_OBJC_ARC = YES;
				CLANG_ENABLE_OBJC_WEAK = YES;
				CLANG_WARN_BLOCK_CAPTURE_AUTORELEASING = YES;
				CLANG_WARN_BOOL_CONVERSION = YES;
				CLANG_WARN_COMMA = YES;
				CLANG_WARN_CONSTANT_CONVERSION = YES;
				CLANG_WARN_DEPRECATED_OBJC_IMPLEMENTATIONS = YES;
				CLANG_WARN_DIRECT_OBJC_ISA_USAGE = YES_ERROR;
				CLANG_WARN_DOCUMENTATION_COMMENTS = YES;
				CLANG_WARN_EMPTY_BODY = YES;
				CLANG_WARN_ENUM_CONVERSION = YES;
				CLANG_WARN_INFINITE_RECURSION = YES;
				CLANG_WARN_INT_CONVERSION = YES;
				CLANG_WARN_NON_LITERAL_NULL_CONVERSION = YES;
				CLANG_WARN_OBJC_IMPLICIT_RETAIN_SELF = YES;
				CLANG_WARN_OBJC_LITERAL_CONVERSION = YES;
				CLANG_WARN_OBJC_ROOT_CLASS = YES_ERROR;
				CLANG_WARN_QUOTED_INCLUDE_IN_FRAMEWORK_HEADER = YES;
				CLANG_WARN_RANGE_LOOP_ANALYSIS = YES;
				CLANG_WARN_STRICT_PROTOTYPES = YES;
				CLANG_WARN_SUSPICIOUS_MOVE = YES;
				CLANG_WARN_UNGUARDED_AVAILABILITY = YES_AGGRESSIVE;
				CLANG_WARN_UNREACHABLE_CODE = YES;
				CLANG_WARN__DUPLICATE_METHOD_MATCH = YES;
				COPY_PHASE_STRIP = NO;
				DEBUG_INFORMATION_FORMAT = "dwarf-with-dsym";
				ENABLE_NS_ASSERTIONS = NO;
				ENABLE_STRICT_OBJC_MSGSEND = YES;
				ENABLE_USER_SCRIPT_SANDBOXING = YES;
				GCC_C_LANGUAGE_STANDARD = gnu11;
				GCC_NO_COMMON_BLOCKS = YES;
				GCC_WARN_64_TO_32_BIT_CONVERSION = YES;
				GCC_WARN_ABOUT_RETURN_TYPE = YES_ERROR;
				GCC_WARN_UNDECLARED_SELECTOR = YES;
				GCC_WARN_UNINITIALIZED_AUTOS = YES_AGGRESSIVE;
				GCC_WARN_UNUSED_FUNCTION = YES;
				GCC_WARN_UNUSED_VARIABLE = YES;
				IPHONEOS_DEPLOYMENT_TARGET = 16.4;
				MTL_ENABLE_DEBUG_INFO = NO;
				MTL_FAST_MATH = YES;
				SDKROOT = iphoneos;
				SWIFT_COMPILATION_MODE = wholemodule;
				SWIFT_OPTIMIZATION_LEVEL = "-O";
				VALIDATE_PRODUCT = YES;
			};
			name = Release;
		};
		F08AAE1B2A916CD500E82A36 /* Debug */ = {
			isa = XCBuildConfiguration;
			buildSettings = {
				ASSETCATALOG_COMPILER_APPICON_NAME = AppIcon;
				ASSETCATALOG_COMPILER_GLOBAL_ACCENT_COLOR_NAME = AccentColor;
				CODE_SIGN_ENTITLEMENTS = "Assets/Sunrise Alarm.entitlements";
				CODE_SIGN_STYLE = Automatic;
				CURRENT_PROJECT_VERSION = 1;
				DEVELOPMENT_ASSET_PATHS = "\"Assets/Preview Content\"";
				DEVELOPMENT_TEAM = AMU2LP62W2;
				ENABLE_PREVIEWS = YES;
				GENERATE_INFOPLIST_FILE = YES;
				INFOPLIST_FILE = "Assets/Sunrise-Alarm-Info.plist";
				INFOPLIST_KEY_CFBundleDisplayName = "Sun Alarm";
				INFOPLIST_KEY_NSLocationWhenInUseUsageDescription = "Sunrise time is based on your location";
				INFOPLIST_KEY_UIApplicationSceneManifest_Generation = YES;
				INFOPLIST_KEY_UIApplicationSupportsIndirectInputEvents = YES;
				INFOPLIST_KEY_UILaunchScreen_Generation = YES;
				INFOPLIST_KEY_UISupportedInterfaceOrientations_iPad = "UIInterfaceOrientationPortrait UIInterfaceOrientationPortraitUpsideDown UIInterfaceOrientationLandscapeLeft UIInterfaceOrientationLandscapeRight";
				INFOPLIST_KEY_UISupportedInterfaceOrientations_iPhone = "UIInterfaceOrientationPortrait UIInterfaceOrientationLandscapeLeft UIInterfaceOrientationLandscapeRight";
				INFOPLIST_KEY_UIUserInterfaceStyle = Dark;
				IPHONEOS_DEPLOYMENT_TARGET = 17.0;
				LD_RUNPATH_SEARCH_PATHS = (
					"$(inherited)",
					"@executable_path/Frameworks",
				);
				MARKETING_VERSION = 1.0;
				PRODUCT_BUNDLE_IDENTIFIER = "com.NateTedesco.Sunrise-Alarm";
				PRODUCT_NAME = "$(TARGET_NAME)";
				SWIFT_EMIT_LOC_STRINGS = YES;
				SWIFT_VERSION = 5.0;
				TARGETED_DEVICE_FAMILY = "1,2";
			};
			name = Debug;
		};
		F08AAE1C2A916CD500E82A36 /* Release */ = {
			isa = XCBuildConfiguration;
			buildSettings = {
				ASSETCATALOG_COMPILER_APPICON_NAME = AppIcon;
				ASSETCATALOG_COMPILER_GLOBAL_ACCENT_COLOR_NAME = AccentColor;
				CODE_SIGN_ENTITLEMENTS = "Assets/Sunrise Alarm.entitlements";
				CODE_SIGN_STYLE = Automatic;
				CURRENT_PROJECT_VERSION = 1;
				DEVELOPMENT_ASSET_PATHS = "\"Assets/Preview Content\"";
				DEVELOPMENT_TEAM = AMU2LP62W2;
				ENABLE_PREVIEWS = YES;
				GENERATE_INFOPLIST_FILE = YES;
				INFOPLIST_FILE = "Assets/Sunrise-Alarm-Info.plist";
				INFOPLIST_KEY_CFBundleDisplayName = "Sun Alarm";
				INFOPLIST_KEY_NSLocationWhenInUseUsageDescription = "Sunrise time is based on your location";
				INFOPLIST_KEY_UIApplicationSceneManifest_Generation = YES;
				INFOPLIST_KEY_UIApplicationSupportsIndirectInputEvents = YES;
				INFOPLIST_KEY_UILaunchScreen_Generation = YES;
				INFOPLIST_KEY_UISupportedInterfaceOrientations_iPad = "UIInterfaceOrientationPortrait UIInterfaceOrientationPortraitUpsideDown UIInterfaceOrientationLandscapeLeft UIInterfaceOrientationLandscapeRight";
				INFOPLIST_KEY_UISupportedInterfaceOrientations_iPhone = "UIInterfaceOrientationPortrait UIInterfaceOrientationLandscapeLeft UIInterfaceOrientationLandscapeRight";
				INFOPLIST_KEY_UIUserInterfaceStyle = Dark;
				IPHONEOS_DEPLOYMENT_TARGET = 17.0;
				LD_RUNPATH_SEARCH_PATHS = (
					"$(inherited)",
					"@executable_path/Frameworks",
				);
				MARKETING_VERSION = 1.0;
				PRODUCT_BUNDLE_IDENTIFIER = "com.NateTedesco.Sunrise-Alarm";
				PRODUCT_NAME = "$(TARGET_NAME)";
				SWIFT_EMIT_LOC_STRINGS = YES;
				SWIFT_VERSION = 5.0;
				TARGETED_DEVICE_FAMILY = "1,2";
			};
			name = Release;
		};
/* End XCBuildConfiguration section */

/* Begin XCConfigurationList section */
		8B28AABF2CFFDC77005D7A4C /* Build configuration list for PBXNativeTarget "Sunrise AlarmTests" */ = {
			isa = XCConfigurationList;
			buildConfigurations = (
				8B28AAC02CFFDC77005D7A4C /* Debug */,
				8B28AAC12CFFDC77005D7A4C /* Release */,
			);
			defaultConfigurationIsVisible = 0;
			defaultConfigurationName = Release;
		};
		F08AAE072A916CD400E82A36 /* Build configuration list for PBXProject "Sunrise Alarm" */ = {
			isa = XCConfigurationList;
			buildConfigurations = (
				F08AAE182A916CD500E82A36 /* Debug */,
				F08AAE192A916CD500E82A36 /* Release */,
			);
			defaultConfigurationIsVisible = 0;
			defaultConfigurationName = Release;
		};
		F08AAE1A2A916CD500E82A36 /* Build configuration list for PBXNativeTarget "Sunrise Alarm" */ = {
			isa = XCConfigurationList;
			buildConfigurations = (
				F08AAE1B2A916CD500E82A36 /* Debug */,
				F08AAE1C2A916CD500E82A36 /* Release */,
			);
			defaultConfigurationIsVisible = 0;
			defaultConfigurationName = Release;
		};
/* End XCConfigurationList section */
	};
	rootObject = F08AAE042A916CD400E82A36 /* Project object */;
}
